# THIS IS AN AUTOGENERATED FILE. DO NOT EDIT THIS FILE DIRECTLY.
# yarn lockfile v1


vue-class-component@^6.2.0:
  version "6.3.2"
  resolved "https://registry.yarnpkg.com/vue-class-component/-/vue-class-component-6.3.2.tgz#e6037e84d1df2af3bde4f455e50ca1b9eec02be6"
  integrity sha512-cH208IoM+jgZyEf/g7mnFyofwPDJTM/QvBNhYMjqGB8fCsRyTf68rH2ISw/G20tJv+5mIThQ3upKwoL4jLTr1A==

vue-property-decorator@^7.2.0:
  version "7.2.0"
  resolved "https://registry.yarnpkg.com/vue-property-decorator/-/vue-property-decorator-7.2.0.tgz#8e6b0f4dcc630c357135f76366ba7bd91f1db015"
  integrity sha512-sCI6NVM3tEDg+mpZrQlgkddtxd9LbFWetue8D+nqO3agfSLz0KoC/UIi2P1l5E0TDhcUeIXS9rasuP2HWg+L4w==
  dependencies:
    vue-class-component "^6.2.0"

vue@^2.5.17:
  version "2.5.21"
  resolved "https://registry.yarnpkg.com/vue/-/vue-2.5.21.tgz#3d33dcd03bb813912ce894a8303ab553699c4a85"
  integrity sha512-Aejvyyfhn0zjVeLvXd70h4hrE4zZDx1wfZqia6ekkobLmUZ+vNFQer53B4fu0EjWBSiqApxPejzkO1Znt3joxQ==
